
Microsoft Visual Studio Solution File, Format Version 11.00
# Visual Studio 2010
Project("{6141683F-8A12-4E36-9623-2EB02B2C2303}") = "Setup", "Setup.isproj", "{58170FB3-CBC7-429C-B6BD-004D86DBF58F}"
EndProject
Global
	GlobalSection(SolutionConfigurationPlatforms) = preSolution
		CD_ROM|Default = CD_ROM|Default
		DVD-5|Default = DVD-5|Default
		SingleImage|Default = SingleImage|Default
	EndGlobalSection
	GlobalSection(ProjectConfigurationPlatforms) = postSolution
		{58170FB3-CBC7-429C-B6BD-004D86DBF58F}.CD_ROM|Default.ActiveCfg = CD_ROM
		{58170FB3-CBC7-429C-B6BD-004D86DBF58F}.CD_ROM|Default.Build.0 = CD_ROM
		{58170FB3-CBC7-429C-B6BD-004D86DBF58F}.DVD-5|Default.ActiveCfg = DVD-5
		{58170FB3-CBC7-429C-B6BD-004D86DBF58F}.DVD-5|Default.Build.0 = DVD-5
		{58170FB3-CBC7-429C-B6BD-004D86DBF58F}.SingleImage|Default.ActiveCfg = SingleImage
		{58170FB3-CBC7-429C-B6BD-004D86DBF58F}.SingleImage|Default.Build.0 = SingleImage
	EndGlobalSection
	GlobalSection(SolutionProperties) = preSolution
		HideSolutionNode = FALSE
	EndGlobalSection
EndGlobal
